# GoreeCloud Manager reproducible production dependency lock.
#
# Generated from the CPython 3.14.6 / Ubuntu 24.04 dependency graph validated by CI.
# Install only with:
#   python -m pip install --require-hashes --only-binary=:all: -r requirements.lock
#
# requirements.txt remains the human-maintained direct dependency declaration.
# Every direct and transitive runtime dependency is pinned here with the SHA-256
# digest of its platform-independent PyPI wheel. Update this file deliberately
# whenever a dependency version changes.

Django==5.2.17 \
    --hash=sha256:f04fb3b36ee119e1af4fa1d397d5fd6cf12700f49321e84d4f4c642c5b1973db
asgiref==3.12.1 \
    --hash=sha256:fe386d1c2bff7259ea95929266d12a8cf9a8b5a1c2598402967d8792e7a7c094
sqlparse==0.6.0 \
    --hash=sha256:b861c0288ce2fa56209a9a6412d2e066ac664b3873b89c26c9d8415e8e32996f

gunicorn==26.0.0 \
    --hash=sha256:40233d26a5f0d1872916188c276e21641155111c2853f0c2cd55260aec0d24fc
packaging==26.3 \
    --hash=sha256:d7193f7c8e4e93f444fde0262bf90af30e16fa0ad0ad44cb553c87339b23cd1c

httpx==0.28.1 \
    --hash=sha256:d909fcccc110f8c7faf814ca82a9a4d816bc5a6dbfea25d6591d6985b8ba59ad
anyio==4.14.2 \
    --hash=sha256:9f505dda5ac9f0c8309b5e8bd445a8c2bf7246f3ce950121e45ea15bc41d1494
certifi==2026.7.22 \
    --hash=sha256:62f22742b58a1a33014a2b6b706588a8d7e2a88ae7bd1a6ebe8c992928483775
httpcore==1.0.9 \
    --hash=sha256:2d400746a40668fc9dec9810239072b40b4484b640a8c38fd654a024c7a1bf55
h11==0.16.0 \
    --hash=sha256:63cf8bbe7522de3bf65932fda1d9c2772064ffb3dae62d55932da54b31cb6c86
idna==3.18 \
    --hash=sha256:7f952cbe720b688055e3f87de14f5c3e5fdaa8bc3928985c4077ca689de849a2

whitenoise==6.12.0 \
    --hash=sha256:fc5e8c572e33ebf24795b47b6a7da8da3c00cff2349f5b04c02f28d0cc5a3cc2
